
Microsoft Visual Studio Solution File, Format Version 12.00
# Visual Studio Version 17
VisualStudioVersion = 17.8.34330.188
MinimumVisualStudioVersion = 10.0.40219.1
Project("{FAE04EC0-301F-11D3-BF4B-00C04F79EFBC}") = "Sample", "Sample\Sample\Sample.csproj", "{BEAA1123-B048-4485-8C8B-126A22640F23}"
EndProject
Project("{FAE04EC0-301F-11D3-BF4B-00C04F79EFBC}") = "Sample.Droid", "Sample\Sample.Droid\Sample.Droid.csproj", "{5CA3F9CA-1573-43A7-9826-845641886A24}"
EndProject
Project("{FAE04EC0-301F-11D3-BF4B-00C04F79EFBC}") = "Sample.iOS", "Sample\Sample.iOS\Sample.iOS.csproj", "{5F92B2E3-253C-429E-9A8D-6E81B8483E34}"
EndProject
Global
	GlobalSection(SolutionConfigurationPlatforms) = preSolution
		Debug|Any CPU = Debug|Any CPU
		Release|Any CPU = Release|Any CPU
	EndGlobalSection
	GlobalSection(ProjectConfigurationPlatforms) = postSolution
		{BEAA1123-B048-4485-8C8B-126A22640F23}.Debug|Any CPU.ActiveCfg = Debug|Any CPU
		{BEAA1123-B048-4485-8C8B-126A22640F23}.Debug|Any CPU.Build.0 = Debug|Any CPU
		{BEAA1123-B048-4485-8C8B-126A22640F23}.Release|Any CPU.ActiveCfg = Release|Any CPU
		{BEAA1123-B048-4485-8C8B-126A22640F23}.Release|Any CPU.Build.0 = Release|Any CPU
		{5CA3F9CA-1573-43A7-9826-845641886A24}.Debug|Any CPU.ActiveCfg = Debug|Any CPU
		{5CA3F9CA-1573-43A7-9826-845641886A24}.Debug|Any CPU.Build.0 = Debug|Any CPU
		{5CA3F9CA-1573-43A7-9826-845641886A24}.Debug|Any CPU.Deploy.0 = Debug|Any CPU
		{5CA3F9CA-1573-43A7-9826-845641886A24}.Release|Any CPU.ActiveCfg = Release|Any CPU
		{5CA3F9CA-1573-43A7-9826-845641886A24}.Release|Any CPU.Build.0 = Release|Any CPU
		{5CA3F9CA-1573-43A7-9826-845641886A24}.Release|Any CPU.Deploy.0 = Release|Any CPU
		{5F92B2E3-253C-429E-9A8D-6E81B8483E34}.Debug|Any CPU.ActiveCfg = Debug|Any CPU
		{5F92B2E3-253C-429E-9A8D-6E81B8483E34}.Debug|Any CPU.Build.0 = Debug|Any CPU
		{5F92B2E3-253C-429E-9A8D-6E81B8483E34}.Debug|Any CPU.Deploy.0 = Debug|Any CPU
		{5F92B2E3-253C-429E-9A8D-6E81B8483E34}.Release|Any CPU.ActiveCfg = Release|Any CPU
		{5F92B2E3-253C-429E-9A8D-6E81B8483E34}.Release|Any CPU.Build.0 = Release|Any CPU
		{5F92B2E3-253C-429E-9A8D-6E81B8483E34}.Release|Any CPU.Deploy.0 = Release|Any CPU
	EndGlobalSection
	GlobalSection(SolutionProperties) = preSolution
		HideSolutionNode = FALSE
	EndGlobalSection
	GlobalSection(ExtensibilityGlobals) = postSolution
		SolutionGuid = {192C6E76-8BD1-4D37-A44E-07D2A6F9974F}
	EndGlobalSection
EndGlobal
